
Microsoft Visual Studio Solution File, Format Version 12.00
# Visual Studio 14
VisualStudioVersion = 14.0.25420.1
MinimumVisualStudioVersion = 10.0.40219.1
Project("{FAE04EC0-301F-11D3-BF4B-00C04F79EFBC}") = "RestApi", "RestApi\RestApi.csproj", "{A602EFA1-1E56-4D2A-B11B-11F3EBC3CCBC}"
EndProject
Project("{FAE04EC0-301F-11D3-BF4B-00C04F79EFBC}") = "RestApi.UnitTests", "RestApi.UnitTests\RestApi.UnitTests.csproj", "{7CFC0EA7-4B6A-48CE-B49A-09A57E6EF910}"
EndProject
Global
	GlobalSection(SolutionConfigurationPlatforms) = preSolution
		Debug|Any CPU = Debug|Any CPU
		Release|Any CPU = Release|Any CPU
	EndGlobalSection
	GlobalSection(ProjectConfigurationPlatforms) = postSolution
		{A602EFA1-1E56-4D2A-B11B-11F3EBC3CCBC}.Debug|Any CPU.ActiveCfg = Debug|Any CPU
		{A602EFA1-1E56-4D2A-B11B-11F3EBC3CCBC}.Debug|Any CPU.Build.0 = Debug|Any CPU
		{A602EFA1-1E56-4D2A-B11B-11F3EBC3CCBC}.Release|Any CPU.ActiveCfg = Release|Any CPU
		{A602EFA1-1E56-4D2A-B11B-11F3EBC3CCBC}.Release|Any CPU.Build.0 = Release|Any CPU
		{7CFC0EA7-4B6A-48CE-B49A-09A57E6EF910}.Debug|Any CPU.ActiveCfg = Debug|Any CPU
		{7CFC0EA7-4B6A-48CE-B49A-09A57E6EF910}.Debug|Any CPU.Build.0 = Debug|Any CPU
		{7CFC0EA7-4B6A-48CE-B49A-09A57E6EF910}.Release|Any CPU.ActiveCfg = Release|Any CPU
		{7CFC0EA7-4B6A-48CE-B49A-09A57E6EF910}.Release|Any CPU.Build.0 = Release|Any CPU
	EndGlobalSection
	GlobalSection(SolutionProperties) = preSolution
		HideSolutionNode = FALSE
	EndGlobalSection
EndGlobal
